
Microsoft Visual Studio Solution File, Format Version 12.00
# Visual Studio Version 17
VisualStudioVersion = 17.0.31717.71
MinimumVisualStudioVersion = 10.0.40219.1
Project("{9A19103F-16F7-4668-BE54-9A1E7A4F7556}") = "cnMaestroReporting.CLI", "cnMaestroReporting.CLI\cnMaestroReporting.CLI.csproj", "{2985D43B-6D66-4F12-B983-BAAC693752A2}"
EndProject
Project("{9A19103F-16F7-4668-BE54-9A1E7A4F7556}") = "cnMaestroReporting.Output.XLSX", "cnMaestroReporting.Output.XLSX\cnMaestroReporting.Output.XLSX.csproj", "{D5E090EA-C57F-46BB-857B-03C493EA5B1A}"
EndProject
Project("{9A19103F-16F7-4668-BE54-9A1E7A4F7556}") = "cnMaestroReporting.Domain", "cnMaestroReporting.Domain\cnMaestroReporting.Domain.csproj", "{BF7A7BBB-8917-444C-8CE5-B5A119303CF9}"
EndProject
Project("{9A19103F-16F7-4668-BE54-9A1E7A4F7556}") = "cnMaestroReporting.Output.KML", "cnMaestroReporting.Output.KML\cnMaestroReporting.Output.KML.csproj", "{48E4AC1B-4D90-4854-99A9-EF92923C704C}"
EndProject
Project("{9A19103F-16F7-4668-BE54-9A1E7A4F7556}") = "cnMaestroReporting.Output.PTPPRJ", "cnMaestroReporting.Output.PTPPRJ\cnMaestroReporting.Output.PTPPRJ.csproj", "{975BD99D-C378-4A2E-8ED8-530FCC7503C5}"
EndProject
Project("{9A19103F-16F7-4668-BE54-9A1E7A4F7556}") = "cnMaestroReporting.Output.PPTX", "PowerPointReport\cnMaestroReporting.Output.PPTX.csproj", "{44FD61C6-E35F-44DE-880F-6261A4AEC14D}"
EndProject
Project("{9A19103F-16F7-4668-BE54-9A1E7A4F7556}") = "cnMaestroReporting.Prometheus", "cnMaestroReporting.Prometheus\cnMaestroReporting.Prometheus.csproj", "{64EBC7B1-AD7A-40EA-893F-0FD2DB5630DD}"
EndProject
Project("{9A19103F-16F7-4668-BE54-9A1E7A4F7556}") = "cnSNMP", "..\Libraries\cnSNMP\cnSNMP\cnSNMP.csproj", "{CAF237A6-9C4D-4EE1-BE57-81F178DAC01A}"
EndProject
Project("{9A19103F-16F7-4668-BE54-9A1E7A4F7556}") = "EngageIP", "..\FixedDeviceAudit\EngageIP\EngageIP.csproj", "{9B010856-DFF2-41FF-9A5C-D193077F4A4F}"
EndProject
Project("{9A19103F-16F7-4668-BE54-9A1E7A4F7556}") = "cnMaestroAPI", "..\Libraries\cnMaestroAPI\cnMaestroAPI\cnMaestroAPI.csproj", "{D0A8FB54-7928-4009-819F-A274B15BABEE}"
EndProject
Global
	GlobalSection(SolutionConfigurationPlatforms) = preSolution
		Debug|Any CPU = Debug|Any CPU
		Debug|x64 = Debug|x64
		Release|Any CPU = Release|Any CPU
		Release|x64 = Release|x64
	EndGlobalSection
	GlobalSection(ProjectConfigurationPlatforms) = postSolution
		{2985D43B-6D66-4F12-B983-BAAC693752A2}.Debug|Any CPU.ActiveCfg = Debug|Any CPU
		{2985D43B-6D66-4F12-B983-BAAC693752A2}.Debug|Any CPU.Build.0 = Debug|Any CPU
		{2985D43B-6D66-4F12-B983-BAAC693752A2}.Debug|x64.ActiveCfg = Debug|Any CPU
		{2985D43B-6D66-4F12-B983-BAAC693752A2}.Debug|x64.Build.0 = Debug|Any CPU
		{2985D43B-6D66-4F12-B983-BAAC693752A2}.Release|Any CPU.ActiveCfg = Release|Any CPU
		{2985D43B-6D66-4F12-B983-BAAC693752A2}.Release|Any CPU.Build.0 = Release|Any CPU
		{2985D43B-6D66-4F12-B983-BAAC693752A2}.Release|x64.ActiveCfg = Release|Any CPU
		{2985D43B-6D66-4F12-B983-BAAC693752A2}.Release|x64.Build.0 = Release|Any CPU
		{D5E090EA-C57F-46BB-857B-03C493EA5B1A}.Debug|Any CPU.ActiveCfg = Debug|Any CPU
		{D5E090EA-C57F-46BB-857B-03C493EA5B1A}.Debug|Any CPU.Build.0 = Debug|Any CPU
		{D5E090EA-C57F-46BB-857B-03C493EA5B1A}.Debug|x64.ActiveCfg = Debug|Any CPU
		{D5E090EA-C57F-46BB-857B-03C493EA5B1A}.Debug|x64.Build.0 = Debug|Any CPU
		{D5E090EA-C57F-46BB-857B-03C493EA5B1A}.Release|Any CPU.ActiveCfg = Release|Any CPU
		{D5E090EA-C57F-46BB-857B-03C493EA5B1A}.Release|Any CPU.Build.0 = Release|Any CPU
		{D5E090EA-C57F-46BB-857B-03C493EA5B1A}.Release|x64.ActiveCfg = Release|Any CPU
		{D5E090EA-C57F-46BB-857B-03C493EA5B1A}.Release|x64.Build.0 = Release|Any CPU
		{BF7A7BBB-8917-444C-8CE5-B5A119303CF9}.Debug|Any CPU.ActiveCfg = Debug|Any CPU
		{BF7A7BBB-8917-444C-8CE5-B5A119303CF9}.Debug|Any CPU.Build.0 = Debug|Any CPU
		{BF7A7BBB-8917-444C-8CE5-B5A119303CF9}.Debug|x64.ActiveCfg = Debug|Any CPU
		{BF7A7BBB-8917-444C-8CE5-B5A119303CF9}.Debug|x64.Build.0 = Debug|Any CPU
		{BF7A7BBB-8917-444C-8CE5-B5A119303CF9}.Release|Any CPU.ActiveCfg = Release|Any CPU
		{BF7A7BBB-8917-444C-8CE5-B5A119303CF9}.Release|Any CPU.Build.0 = Release|Any CPU
		{BF7A7BBB-8917-444C-8CE5-B5A119303CF9}.Release|x64.ActiveCfg = Release|Any CPU
		{BF7A7BBB-8917-444C-8CE5-B5A119303CF9}.Release|x64.Build.0 = Release|Any CPU
		{48E4AC1B-4D90-4854-99A9-EF92923C704C}.Debug|Any CPU.ActiveCfg = Debug|Any CPU
		{48E4AC1B-4D90-4854-99A9-EF92923C704C}.Debug|Any CPU.Build.0 = Debug|Any CPU
		{48E4AC1B-4D90-4854-99A9-EF92923C704C}.Debug|x64.ActiveCfg = Debug|Any CPU
		{48E4AC1B-4D90-4854-99A9-EF92923C704C}.Debug|x64.Build.0 = Debug|Any CPU
		{48E4AC1B-4D90-4854-99A9-EF92923C704C}.Release|Any CPU.ActiveCfg = Release|Any CPU
		{48E4AC1B-4D90-4854-99A9-EF92923C704C}.Release|Any CPU.Build.0 = Release|Any CPU
		{48E4AC1B-4D90-4854-99A9-EF92923C704C}.Release|x64.ActiveCfg = Release|Any CPU
		{48E4AC1B-4D90-4854-99A9-EF92923C704C}.Release|x64.Build.0 = Release|Any CPU
		{975BD99D-C378-4A2E-8ED8-530FCC7503C5}.Debug|Any CPU.ActiveCfg = Debug|Any CPU
		{975BD99D-C378-4A2E-8ED8-530FCC7503C5}.Debug|Any CPU.Build.0 = Debug|Any CPU
		{975BD99D-C378-4A2E-8ED8-530FCC7503C5}.Debug|x64.ActiveCfg = Debug|Any CPU
		{975BD99D-C378-4A2E-8ED8-530FCC7503C5}.Debug|x64.Build.0 = Debug|Any CPU
		{975BD99D-C378-4A2E-8ED8-530FCC7503C5}.Release|Any CPU.ActiveCfg = Release|Any CPU
		{975BD99D-C378-4A2E-8ED8-530FCC7503C5}.Release|Any CPU.Build.0 = Release|Any CPU
		{975BD99D-C378-4A2E-8ED8-530FCC7503C5}.Release|x64.ActiveCfg = Release|Any CPU
		{975BD99D-C378-4A2E-8ED8-530FCC7503C5}.Release|x64.Build.0 = Release|Any CPU
		{44FD61C6-E35F-44DE-880F-6261A4AEC14D}.Debug|Any CPU.ActiveCfg = Debug|Any CPU
		{44FD61C6-E35F-44DE-880F-6261A4AEC14D}.Debug|Any CPU.Build.0 = Debug|Any CPU
		{44FD61C6-E35F-44DE-880F-6261A4AEC14D}.Debug|x64.ActiveCfg = Debug|Any CPU
		{44FD61C6-E35F-44DE-880F-6261A4AEC14D}.Debug|x64.Build.0 = Debug|Any CPU
		{44FD61C6-E35F-44DE-880F-6261A4AEC14D}.Release|Any CPU.ActiveCfg = Release|Any CPU
		{44FD61C6-E35F-44DE-880F-6261A4AEC14D}.Release|Any CPU.Build.0 = Release|Any CPU
		{44FD61C6-E35F-44DE-880F-6261A4AEC14D}.Release|x64.ActiveCfg = Release|Any CPU
		{44FD61C6-E35F-44DE-880F-6261A4AEC14D}.Release|x64.Build.0 = Release|Any CPU
		{64EBC7B1-AD7A-40EA-893F-0FD2DB5630DD}.Debug|Any CPU.ActiveCfg = Debug|Any CPU
		{64EBC7B1-AD7A-40EA-893F-0FD2DB5630DD}.Debug|Any CPU.Build.0 = Debug|Any CPU
		{64EBC7B1-AD7A-40EA-893F-0FD2DB5630DD}.Debug|x64.ActiveCfg = Debug|Any CPU
		{64EBC7B1-AD7A-40EA-893F-0FD2DB5630DD}.Debug|x64.Build.0 = Debug|Any CPU
		{64EBC7B1-AD7A-40EA-893F-0FD2DB5630DD}.Release|Any CPU.ActiveCfg = Release|Any CPU
		{64EBC7B1-AD7A-40EA-893F-0FD2DB5630DD}.Release|Any CPU.Build.0 = Release|Any CPU
		{64EBC7B1-AD7A-40EA-893F-0FD2DB5630DD}.Release|x64.ActiveCfg = Release|Any CPU
		{64EBC7B1-AD7A-40EA-893F-0FD2DB5630DD}.Release|x64.Build.0 = Release|Any CPU
		{CAF237A6-9C4D-4EE1-BE57-81F178DAC01A}.Debug|Any CPU.ActiveCfg = Debug|Any CPU
		{CAF237A6-9C4D-4EE1-BE57-81F178DAC01A}.Debug|Any CPU.Build.0 = Debug|Any CPU
		{CAF237A6-9C4D-4EE1-BE57-81F178DAC01A}.Debug|x64.ActiveCfg = Debug|x64
		{CAF237A6-9C4D-4EE1-BE57-81F178DAC01A}.Debug|x64.Build.0 = Debug|x64
		{CAF237A6-9C4D-4EE1-BE57-81F178DAC01A}.Release|Any CPU.ActiveCfg = Release|Any CPU
		{CAF237A6-9C4D-4EE1-BE57-81F178DAC01A}.Release|Any CPU.Build.0 = Release|Any CPU
		{CAF237A6-9C4D-4EE1-BE57-81F178DAC01A}.Release|x64.ActiveCfg = Release|x64
		{CAF237A6-9C4D-4EE1-BE57-81F178DAC01A}.Release|x64.Build.0 = Release|x64
		{9B010856-DFF2-41FF-9A5C-D193077F4A4F}.Debug|Any CPU.ActiveCfg = Debug|Any CPU
		{9B010856-DFF2-41FF-9A5C-D193077F4A4F}.Debug|Any CPU.Build.0 = Debug|Any CPU
		{9B010856-DFF2-41FF-9A5C-D193077F4A4F}.Debug|x64.ActiveCfg = Debug|Any CPU
		{9B010856-DFF2-41FF-9A5C-D193077F4A4F}.Debug|x64.Build.0 = Debug|Any CPU
		{9B010856-DFF2-41FF-9A5C-D193077F4A4F}.Release|Any CPU.ActiveCfg = Release|Any CPU
		{9B010856-DFF2-41FF-9A5C-D193077F4A4F}.Release|Any CPU.Build.0 = Release|Any CPU
		{9B010856-DFF2-41FF-9A5C-D193077F4A4F}.Release|x64.ActiveCfg = Release|Any CPU
		{9B010856-DFF2-41FF-9A5C-D193077F4A4F}.Release|x64.Build.0 = Release|Any CPU
		{D0A8FB54-7928-4009-819F-A274B15BABEE}.Debug|Any CPU.ActiveCfg = Debug|Any CPU
		{D0A8FB54-7928-4009-819F-A274B15BABEE}.Debug|Any CPU.Build.0 = Debug|Any CPU
		{D0A8FB54-7928-4009-819F-A274B15BABEE}.Debug|x64.ActiveCfg = Debug|x64
		{D0A8FB54-7928-4009-819F-A274B15BABEE}.Debug|x64.Build.0 = Debug|x64
		{D0A8FB54-7928-4009-819F-A274B15BABEE}.Release|Any CPU.ActiveCfg = Release|Any CPU
		{D0A8FB54-7928-4009-819F-A274B15BABEE}.Release|Any CPU.Build.0 = Release|Any CPU
		{D0A8FB54-7928-4009-819F-A274B15BABEE}.Release|x64.ActiveCfg = Release|x64
		{D0A8FB54-7928-4009-819F-A274B15BABEE}.Release|x64.Build.0 = Release|x64
	EndGlobalSection
	GlobalSection(SolutionProperties) = preSolution
		HideSolutionNode = FALSE
	EndGlobalSection
	GlobalSection(ExtensibilityGlobals) = postSolution
		SolutionGuid = {817170E0-EE50-4668-97E4-E1F026D83DFF}
	EndGlobalSection
EndGlobal
